
Microsoft Visual Studio Solution File, Format Version 12.00
# Visual Studio Version 16
VisualStudioVersion = 16.0.30621.155
MinimumVisualStudioVersion = 10.0.40219.1
Project("{FAE04EC0-301F-11D3-BF4B-00C04F79EFBC}") = "MarketSiteG3", "MarketSiteG3\MarketSiteG3.csproj", "{B4AAA957-621C-45C0-BB3A-3294C59034F9}"
EndProject
Project("{FAE04EC0-301F-11D3-BF4B-00C04F79EFBC}") = "Business", "Business\Business.csproj", "{67304D36-00D6-419C-AD4F-825F83850232}"
EndProject
Global
	GlobalSection(SolutionConfigurationPlatforms) = preSolution
		Debug|Any CPU = Debug|Any CPU
		Release|Any CPU = Release|Any CPU
	EndGlobalSection
	GlobalSection(ProjectConfigurationPlatforms) = postSolution
		{B4AAA957-621C-45C0-BB3A-3294C59034F9}.Debug|Any CPU.ActiveCfg = Debug|Any CPU
		{B4AAA957-621C-45C0-BB3A-3294C59034F9}.Debug|Any CPU.Build.0 = Debug|Any CPU
		{B4AAA957-621C-45C0-BB3A-3294C59034F9}.Release|Any CPU.ActiveCfg = Release|Any CPU
		{B4AAA957-621C-45C0-BB3A-3294C59034F9}.Release|Any CPU.Build.0 = Release|Any CPU
		{67304D36-00D6-419C-AD4F-825F83850232}.Debug|Any CPU.ActiveCfg = Debug|Any CPU
		{67304D36-00D6-419C-AD4F-825F83850232}.Debug|Any CPU.Build.0 = Debug|Any CPU
		{67304D36-00D6-419C-AD4F-825F83850232}.Release|Any CPU.ActiveCfg = Release|Any CPU
		{67304D36-00D6-419C-AD4F-825F83850232}.Release|Any CPU.Build.0 = Release|Any CPU
	EndGlobalSection
	GlobalSection(SolutionProperties) = preSolution
		HideSolutionNode = FALSE
	EndGlobalSection
	GlobalSection(ExtensibilityGlobals) = postSolution
		SolutionGuid = {8CDAECCA-2553-49F9-8A18-BDB7460A2515}
	EndGlobalSection
EndGlobal
